<?xml version="1.0" encoding="UTF-8" standalone="yes" ?>
<CodeBlocks_project_file>
	<FileVersion major="1" minor="6" />
	<Project>
		<Option title="WOLFLY" />
		<Option pch_mode="2" />
		<Option compiler="gcc" />
		<Build>
			<Target title="Debug">
				<Option output="bin/Debug/WOLFLY" prefix_auto="1" extension_auto="1" />
				<Option object_output="obj/Debug/" />
				<Option type="1" />
				<Option compiler="gcc" />
				<Compiler>
					<Add option="-g" />
				</Compiler>
			</Target>
			<Target title="Release">
				<Option output="bin/Release/WOLFLY" prefix_auto="1" extension_auto="1" />
				<Option object_output="obj/Release/" />
				<Option type="1" />
				<Option compiler="gcc" />
				<Compiler>
					<Add option="-O2" />
				</Compiler>
				<Linker>
					<Add option="-s" />
				</Linker>
			</Target>
		</Build>
		<Compiler>
			<Add option="-Wall" />
			<Add option="-std=gnu++11" />
			<Add directory="C:/MinGW/SDL2_32bit/include/SDL2" />
		</Compiler>
		<Linker>
			<Add option="-lmingw32 -lSDL2main -lSDL2" />
			<Add option="-lSDL2_image -lSDL2_mixer" />
			<Add option="-lSDL2_ttf" />
			<Add directory="C:/MinGW/SDL2_32bit/lib" />
		</Linker>
		<Unit filename="MAIN.cpp" />
		<Unit filename="Texture.cpp" />
		<Unit filename="Texture.h" />
		<Unit filename="button.cpp" />
		<Unit filename="button.h" />
		<Unit filename="characters.cpp" />
		<Unit filename="characters.h" />
		<Unit filename="functions.cpp" />
		<Unit filename="functions.h" />
		<Unit filename="media/Background/Cloud.png" />
		<Unit filename="media/Background/background.png" />
		<Unit filename="media/Background/main.png" />
		<Unit filename="media/Background/moon.png" />
		<Unit filename="media/Background/star.png" />
		<Unit filename="media/Buttons/munmuted.png" />
		<Unit filename="media/Buttons/mmuted.png" />
		<Unit filename="media/Buttons/Continue.png" />
		<Unit filename="media/Buttons/Paused.png" />
		<Unit filename="media/Buttons/Play.png" />
		<Unit filename="media/Buttons/Quit.png" />
		<Unit filename="media/Buttons/menu.png" />
		<Unit filename="media/Buttons/muted.png" />
		<Unit filename="media/Buttons/replay.png" />
		<Unit filename="media/Buttons/unmuted.png" />
		<Unit filename="media/Characters/BlueSheep.png" />
		<Unit filename="media/Characters/DeadWolf.png" />
		<Unit filename="media/Characters/DefaultWolf.png" />
		<Unit filename="media/Characters/EatingWolf.png" />
		<Unit filename="media/Characters/GreenSheep.png" />
		<Unit filename="media/Characters/LightSheep.png" />
		<Unit filename="media/Characters/OrangeSheep.png" />
		<Unit filename="media/Characters/PinkSheep.png" />
		<Unit filename="media/Characters/PurpleSheep.png" />
		<Unit filename="media/Characters/Sheep.psd" />
		<Unit filename="media/Characters/YellowSheep.png" />
		<Unit filename="media/Characters/checkPoints.png" />
		<Unit filename="media/Sound/Comical.mp3" />
		<Unit filename="media/Sound/GameOver.wav" />
		<Unit filename="media/Sound/bleat.mp3" />
		<Unit filename="media/Sound/click.wav" />
		<Unit filename="media/Sound/eating.wav" />
		<Unit filename="media/Sound/star.wav" />
		<Unit filename="media/Text/Debrosee.ttf" />
		<Unit filename="media/Text/lazy.ttf" />
		<Unit filename="media/Text/Size.bin" />
		<Unit filename="menu.cpp" />
		<Unit filename="menu.h" />
		<Unit filename="preGame.h" />
		<Unit filename="window.h" />
		<Extensions>
			<lib_finder disable_auto="1" />
		</Extensions>
	</Project>
</CodeBlocks_project_file>
